
Microsoft Visual Studio Solution File, Format Version 12.00
# Visual Studio 14
VisualStudioVersion = 14.0.23107.0
MinimumVisualStudioVersion = 10.0.40219.1
Project("{FAE04EC0-301F-11D3-BF4B-00C04F79EFBC}") = "MyWebServices", "MyWebServices\MyWebServices.csproj", "{9646A59C-B7CE-4D6A-B247-3B1F9D654EEA}"
EndProject
Project("{FAE04EC0-301F-11D3-BF4B-00C04F79EFBC}") = "ProductsApp", "ProductsApp\ProductsApp.csproj", "{931D12A4-D3BE-442B-B5F1-2DF0FD4A4901}"
EndProject
Global
	GlobalSection(SolutionConfigurationPlatforms) = preSolution
		Debug|Any CPU = Debug|Any CPU
		Release|Any CPU = Release|Any CPU
	EndGlobalSection
	GlobalSection(ProjectConfigurationPlatforms) = postSolution
		{9646A59C-B7CE-4D6A-B247-3B1F9D654EEA}.Debug|Any CPU.ActiveCfg = Debug|Any CPU
		{9646A59C-B7CE-4D6A-B247-3B1F9D654EEA}.Debug|Any CPU.Build.0 = Debug|Any CPU
		{9646A59C-B7CE-4D6A-B247-3B1F9D654EEA}.Release|Any CPU.ActiveCfg = Release|Any CPU
		{9646A59C-B7CE-4D6A-B247-3B1F9D654EEA}.Release|Any CPU.Build.0 = Release|Any CPU
		{931D12A4-D3BE-442B-B5F1-2DF0FD4A4901}.Debug|Any CPU.ActiveCfg = Debug|Any CPU
		{931D12A4-D3BE-442B-B5F1-2DF0FD4A4901}.Debug|Any CPU.Build.0 = Debug|Any CPU
		{931D12A4-D3BE-442B-B5F1-2DF0FD4A4901}.Release|Any CPU.ActiveCfg = Release|Any CPU
		{931D12A4-D3BE-442B-B5F1-2DF0FD4A4901}.Release|Any CPU.Build.0 = Release|Any CPU
	EndGlobalSection
	GlobalSection(SolutionProperties) = preSolution
		HideSolutionNode = FALSE
	EndGlobalSection
EndGlobal
